
Microsoft Visual Studio Solution File, Format Version 12.00
Project("{FAE04EC0-301F-11D3-BF4B-00C04F79EFBC}") = "ObjectMapper", "ObjectMapper\ObjectMapper.csproj", "{0AFDC377-5301-4B66-ACA4-0A4B0BDC480C}"
EndProject
Global
	GlobalSection(SolutionConfigurationPlatforms) = preSolution
		Debug|Any CPU = Debug|Any CPU
		Release|Any CPU = Release|Any CPU
	EndGlobalSection
	GlobalSection(ProjectConfigurationPlatforms) = postSolution
		{0AFDC377-5301-4B66-ACA4-0A4B0BDC480C}.Debug|Any CPU.ActiveCfg = Debug|Any CPU
		{0AFDC377-5301-4B66-ACA4-0A4B0BDC480C}.Debug|Any CPU.Build.0 = Debug|Any CPU
		{0AFDC377-5301-4B66-ACA4-0A4B0BDC480C}.Release|Any CPU.ActiveCfg = Release|Any CPU
		{0AFDC377-5301-4B66-ACA4-0A4B0BDC480C}.Release|Any CPU.Build.0 = Release|Any CPU
	EndGlobalSection
EndGlobal
